
Microsoft Visual Studio Solution File, Format Version 12.00
# Visual Studio Version 16
VisualStudioVersion = 16.0.29911.84
MinimumVisualStudioVersion = 10.0.40219.1
Project("{FAE04EC0-301F-11D3-BF4B-00C04F79EFBC}") = "Fraktal", "Fraktal\Fraktal.csproj", "{D393C611-DDA9-43B4-BEE4-A0DB2055CFB5}"
EndProject
Global
	GlobalSection(SolutionConfigurationPlatforms) = preSolution
		Debug|Any CPU = Debug|Any CPU
		Release|Any CPU = Release|Any CPU
	EndGlobalSection
	GlobalSection(ProjectConfigurationPlatforms) = postSolution
		{D393C611-DDA9-43B4-BEE4-A0DB2055CFB5}.Debug|Any CPU.ActiveCfg = Debug|Any CPU
		{D393C611-DDA9-43B4-BEE4-A0DB2055CFB5}.Debug|Any CPU.Build.0 = Debug|Any CPU
		{D393C611-DDA9-43B4-BEE4-A0DB2055CFB5}.Release|Any CPU.ActiveCfg = Release|Any CPU
		{D393C611-DDA9-43B4-BEE4-A0DB2055CFB5}.Release|Any CPU.Build.0 = Release|Any CPU
	EndGlobalSection
	GlobalSection(SolutionProperties) = preSolution
		HideSolutionNode = FALSE
	EndGlobalSection
	GlobalSection(ExtensibilityGlobals) = postSolution
		SolutionGuid = {467D02AD-7BDF-407A-95BE-AA6134E8E3E5}
	EndGlobalSection
EndGlobal
