
Microsoft Visual Studio Solution File, Format Version 12.00
# Visual Studio Version 16
VisualStudioVersion = 16.0.32002.261
MinimumVisualStudioVersion = 10.0.40219.1
Project("{8BC9CEB8-8B4A-11D0-8D11-00A0C91BC942}") = "Бинарные операции", "Бинарные операции.vcxproj", "{953B6136-2697-4761-8E80-9D443E515AE9}"
EndProject
Global
	GlobalSection(SolutionConfigurationPlatforms) = preSolution
		Debug|x64 = Debug|x64
		Debug|x86 = Debug|x86
		Release|x64 = Release|x64
		Release|x86 = Release|x86
	EndGlobalSection
	GlobalSection(ProjectConfigurationPlatforms) = postSolution
		{953B6136-2697-4761-8E80-9D443E515AE9}.Debug|x64.ActiveCfg = Debug|x64
		{953B6136-2697-4761-8E80-9D443E515AE9}.Debug|x64.Build.0 = Debug|x64
		{953B6136-2697-4761-8E80-9D443E515AE9}.Debug|x86.ActiveCfg = Debug|Win32
		{953B6136-2697-4761-8E80-9D443E515AE9}.Debug|x86.Build.0 = Debug|Win32
		{953B6136-2697-4761-8E80-9D443E515AE9}.Release|x64.ActiveCfg = Release|x64
		{953B6136-2697-4761-8E80-9D443E515AE9}.Release|x64.Build.0 = Release|x64
		{953B6136-2697-4761-8E80-9D443E515AE9}.Release|x86.ActiveCfg = Release|Win32
		{953B6136-2697-4761-8E80-9D443E515AE9}.Release|x86.Build.0 = Release|Win32
	EndGlobalSection
	GlobalSection(SolutionProperties) = preSolution
		HideSolutionNode = FALSE
	EndGlobalSection
	GlobalSection(ExtensibilityGlobals) = postSolution
		SolutionGuid = {5DF670E9-5327-483B-A3D7-ADC9D924FF77}
	EndGlobalSection
EndGlobal
