
Microsoft Visual Studio Solution File, Format Version 12.00
# Visual Studio Version 16
VisualStudioVersion = 16.0.32002.261
MinimumVisualStudioVersion = 10.0.40219.1
Project("{8BC9CEB8-8B4A-11D0-8D11-00A0C91BC942}") = "cpp+asm_1", "cpp+asm_1.vcxproj", "{20FEC9DF-EE49-4CB7-9C46-FD1EDDA20872}"
EndProject
Global
	GlobalSection(SolutionConfigurationPlatforms) = preSolution
		Debug|x64 = Debug|x64
		Debug|x86 = Debug|x86
		Release|x64 = Release|x64
		Release|x86 = Release|x86
	EndGlobalSection
	GlobalSection(ProjectConfigurationPlatforms) = postSolution
		{20FEC9DF-EE49-4CB7-9C46-FD1EDDA20872}.Debug|x64.ActiveCfg = Debug|x64
		{20FEC9DF-EE49-4CB7-9C46-FD1EDDA20872}.Debug|x64.Build.0 = Debug|x64
		{20FEC9DF-EE49-4CB7-9C46-FD1EDDA20872}.Debug|x86.ActiveCfg = Debug|Win32
		{20FEC9DF-EE49-4CB7-9C46-FD1EDDA20872}.Debug|x86.Build.0 = Debug|Win32
		{20FEC9DF-EE49-4CB7-9C46-FD1EDDA20872}.Release|x64.ActiveCfg = Release|x64
		{20FEC9DF-EE49-4CB7-9C46-FD1EDDA20872}.Release|x64.Build.0 = Release|x64
		{20FEC9DF-EE49-4CB7-9C46-FD1EDDA20872}.Release|x86.ActiveCfg = Release|Win32
		{20FEC9DF-EE49-4CB7-9C46-FD1EDDA20872}.Release|x86.Build.0 = Release|Win32
	EndGlobalSection
	GlobalSection(SolutionProperties) = preSolution
		HideSolutionNode = FALSE
	EndGlobalSection
	GlobalSection(ExtensibilityGlobals) = postSolution
		SolutionGuid = {19C8AEA0-583A-4869-B58F-8697E84D6639}
	EndGlobalSection
EndGlobal
