
Microsoft Visual Studio Solution File, Format Version 12.00
# Visual Studio Version 16
VisualStudioVersion = 16.0.29728.190
MinimumVisualStudioVersion = 10.0.40219.1
Project("{FAE04EC0-301F-11D3-BF4B-00C04F79EFBC}") = "Password", "Password.csproj", "{C6EEB18A-CA3C-454B-ADD8-4A27B770A27C}"
EndProject
Global
	GlobalSection(SolutionConfigurationPlatforms) = preSolution
		Debug|Any CPU = Debug|Any CPU
		Release|Any CPU = Release|Any CPU
	EndGlobalSection
	GlobalSection(ProjectConfigurationPlatforms) = postSolution
		{C6EEB18A-CA3C-454B-ADD8-4A27B770A27C}.Debug|Any CPU.ActiveCfg = Debug|Any CPU
		{C6EEB18A-CA3C-454B-ADD8-4A27B770A27C}.Debug|Any CPU.Build.0 = Debug|Any CPU
		{C6EEB18A-CA3C-454B-ADD8-4A27B770A27C}.Release|Any CPU.ActiveCfg = Release|Any CPU
		{C6EEB18A-CA3C-454B-ADD8-4A27B770A27C}.Release|Any CPU.Build.0 = Release|Any CPU
	EndGlobalSection
	GlobalSection(SolutionProperties) = preSolution
		HideSolutionNode = FALSE
	EndGlobalSection
	GlobalSection(ExtensibilityGlobals) = postSolution
		SolutionGuid = {640A385C-E9A2-40D7-A2B5-7D7E74AD238D}
	EndGlobalSection
EndGlobal
