
Microsoft Visual Studio Solution File, Format Version 12.00
# Visual Studio Version 16
VisualStudioVersion = 16.0.30104.148
MinimumVisualStudioVersion = 10.0.40219.1
Project("{FAE04EC0-301F-11D3-BF4B-00C04F79EFBC}") = "K_N_B", "WindowsFormsApp1\K_N_B.csproj", "{B6E1ED41-717B-4FBF-A292-A197944D63A0}"
EndProject
Global
	GlobalSection(SolutionConfigurationPlatforms) = preSolution
		Debug|Any CPU = Debug|Any CPU
		Release|Any CPU = Release|Any CPU
	EndGlobalSection
	GlobalSection(ProjectConfigurationPlatforms) = postSolution
		{B6E1ED41-717B-4FBF-A292-A197944D63A0}.Debug|Any CPU.ActiveCfg = Debug|Any CPU
		{B6E1ED41-717B-4FBF-A292-A197944D63A0}.Debug|Any CPU.Build.0 = Debug|Any CPU
		{B6E1ED41-717B-4FBF-A292-A197944D63A0}.Release|Any CPU.ActiveCfg = Release|Any CPU
		{B6E1ED41-717B-4FBF-A292-A197944D63A0}.Release|Any CPU.Build.0 = Release|Any CPU
	EndGlobalSection
	GlobalSection(SolutionProperties) = preSolution
		HideSolutionNode = FALSE
	EndGlobalSection
	GlobalSection(ExtensibilityGlobals) = postSolution
		SolutionGuid = {592E28FF-C439-4C8D-81BD-708855F40009}
	EndGlobalSection
EndGlobal
