
Microsoft Visual Studio Solution File, Format Version 12.00
# Visual Studio Version 16
VisualStudioVersion = 16.0.29728.190
MinimumVisualStudioVersion = 10.0.40219.1
Project("{FAE04EC0-301F-11D3-BF4B-00C04F79EFBC}") = "MyOsuParody", "MyOsuParody.csproj", "{07E02F31-59D7-4900-A147-F18D90C9D1FC}"
EndProject
Global
	GlobalSection(SolutionConfigurationPlatforms) = preSolution
		Debug|Any CPU = Debug|Any CPU
		Release|Any CPU = Release|Any CPU
	EndGlobalSection
	GlobalSection(ProjectConfigurationPlatforms) = postSolution
		{07E02F31-59D7-4900-A147-F18D90C9D1FC}.Debug|Any CPU.ActiveCfg = Debug|Any CPU
		{07E02F31-59D7-4900-A147-F18D90C9D1FC}.Debug|Any CPU.Build.0 = Debug|Any CPU
		{07E02F31-59D7-4900-A147-F18D90C9D1FC}.Release|Any CPU.ActiveCfg = Release|Any CPU
		{07E02F31-59D7-4900-A147-F18D90C9D1FC}.Release|Any CPU.Build.0 = Release|Any CPU
	EndGlobalSection
	GlobalSection(SolutionProperties) = preSolution
		HideSolutionNode = FALSE
	EndGlobalSection
	GlobalSection(ExtensibilityGlobals) = postSolution
		SolutionGuid = {F06A6658-4310-4967-9753-12FB1A01C433}
	EndGlobalSection
EndGlobal
