
Microsoft Visual Studio Solution File, Format Version 12.00
# Visual Studio Version 16
VisualStudioVersion = 16.0.30104.148
MinimumVisualStudioVersion = 10.0.40219.1
Project("{FAE04EC0-301F-11D3-BF4B-00C04F79EFBC}") = "WindowsFormsControlLibrary1", "WindowsFormsControlLibrary1\WindowsFormsControlLibrary1.csproj", "{CE136103-C52F-477A-A89D-F0B5BD55CFAB}"
EndProject
Global
	GlobalSection(SolutionConfigurationPlatforms) = preSolution
		Debug|Any CPU = Debug|Any CPU
		Release|Any CPU = Release|Any CPU
	EndGlobalSection
	GlobalSection(ProjectConfigurationPlatforms) = postSolution
		{CE136103-C52F-477A-A89D-F0B5BD55CFAB}.Debug|Any CPU.ActiveCfg = Debug|Any CPU
		{CE136103-C52F-477A-A89D-F0B5BD55CFAB}.Debug|Any CPU.Build.0 = Debug|Any CPU
		{CE136103-C52F-477A-A89D-F0B5BD55CFAB}.Release|Any CPU.ActiveCfg = Release|Any CPU
		{CE136103-C52F-477A-A89D-F0B5BD55CFAB}.Release|Any CPU.Build.0 = Release|Any CPU
	EndGlobalSection
	GlobalSection(SolutionProperties) = preSolution
		HideSolutionNode = FALSE
	EndGlobalSection
	GlobalSection(ExtensibilityGlobals) = postSolution
		SolutionGuid = {40C2A58C-F8F8-4C96-8485-523A2CF916B4}
	EndGlobalSection
EndGlobal
