
Microsoft Visual Studio Solution File, Format Version 12.00
# Visual Studio Version 16
VisualStudioVersion = 16.0.32002.261
MinimumVisualStudioVersion = 10.0.40219.1
Project("{8BC9CEB8-8B4A-11D0-8D11-00A0C91BC942}") = "ВУЗ_04", "ВУЗ_04.vcxproj", "{51A54119-52CE-44C5-9409-F72D2FF19C28}"
EndProject
Project("{8BC9CEB8-8B4A-11D0-8D11-00A0C91BC942}") = "ВУЗ_03", "..\ВУЗ_03\ВУЗ_03.vcxproj", "{773FDED4-E457-442E-AEA7-638DA3FCB71A}"
EndProject
Global
	GlobalSection(SolutionConfigurationPlatforms) = preSolution
		Debug|x64 = Debug|x64
		Debug|x86 = Debug|x86
		Release|x64 = Release|x64
		Release|x86 = Release|x86
	EndGlobalSection
	GlobalSection(ProjectConfigurationPlatforms) = postSolution
		{51A54119-52CE-44C5-9409-F72D2FF19C28}.Debug|x64.ActiveCfg = Debug|x64
		{51A54119-52CE-44C5-9409-F72D2FF19C28}.Debug|x64.Build.0 = Debug|x64
		{51A54119-52CE-44C5-9409-F72D2FF19C28}.Debug|x86.ActiveCfg = Debug|Win32
		{51A54119-52CE-44C5-9409-F72D2FF19C28}.Debug|x86.Build.0 = Debug|Win32
		{51A54119-52CE-44C5-9409-F72D2FF19C28}.Release|x64.ActiveCfg = Release|x64
		{51A54119-52CE-44C5-9409-F72D2FF19C28}.Release|x64.Build.0 = Release|x64
		{51A54119-52CE-44C5-9409-F72D2FF19C28}.Release|x86.ActiveCfg = Release|Win32
		{51A54119-52CE-44C5-9409-F72D2FF19C28}.Release|x86.Build.0 = Release|Win32
		{773FDED4-E457-442E-AEA7-638DA3FCB71A}.Debug|x64.ActiveCfg = Debug|x64
		{773FDED4-E457-442E-AEA7-638DA3FCB71A}.Debug|x64.Build.0 = Debug|x64
		{773FDED4-E457-442E-AEA7-638DA3FCB71A}.Debug|x86.ActiveCfg = Debug|Win32
		{773FDED4-E457-442E-AEA7-638DA3FCB71A}.Debug|x86.Build.0 = Debug|Win32
		{773FDED4-E457-442E-AEA7-638DA3FCB71A}.Release|x64.ActiveCfg = Release|x64
		{773FDED4-E457-442E-AEA7-638DA3FCB71A}.Release|x64.Build.0 = Release|x64
		{773FDED4-E457-442E-AEA7-638DA3FCB71A}.Release|x86.ActiveCfg = Release|Win32
		{773FDED4-E457-442E-AEA7-638DA3FCB71A}.Release|x86.Build.0 = Release|Win32
	EndGlobalSection
	GlobalSection(SolutionProperties) = preSolution
		HideSolutionNode = FALSE
	EndGlobalSection
	GlobalSection(ExtensibilityGlobals) = postSolution
		SolutionGuid = {9A31D950-CDA2-4C98-A37F-A6031DEA7D9E}
	EndGlobalSection
EndGlobal
