
Microsoft Visual Studio Solution File, Format Version 12.00
# Visual Studio Version 16
VisualStudioVersion = 16.0.30204.135
MinimumVisualStudioVersion = 10.0.40219.1
Project("{FAE04EC0-301F-11D3-BF4B-00C04F79EFBC}") = "Game2D", "Game2D.csproj", "{8B5D8C5B-4628-4CDC-8DD2-4D20202C4DD5}"
EndProject
Global
	GlobalSection(SolutionConfigurationPlatforms) = preSolution
		Debug|Any CPU = Debug|Any CPU
		Release|Any CPU = Release|Any CPU
	EndGlobalSection
	GlobalSection(ProjectConfigurationPlatforms) = postSolution
		{8B5D8C5B-4628-4CDC-8DD2-4D20202C4DD5}.Debug|Any CPU.ActiveCfg = Debug|Any CPU
		{8B5D8C5B-4628-4CDC-8DD2-4D20202C4DD5}.Debug|Any CPU.Build.0 = Debug|Any CPU
		{8B5D8C5B-4628-4CDC-8DD2-4D20202C4DD5}.Release|Any CPU.ActiveCfg = Release|Any CPU
		{8B5D8C5B-4628-4CDC-8DD2-4D20202C4DD5}.Release|Any CPU.Build.0 = Release|Any CPU
	EndGlobalSection
	GlobalSection(SolutionProperties) = preSolution
		HideSolutionNode = FALSE
	EndGlobalSection
	GlobalSection(ExtensibilityGlobals) = postSolution
		SolutionGuid = {40639270-A066-4EB8-8A19-DFDBFBAA46DA}
	EndGlobalSection
EndGlobal
